
Microsoft Visual Studio Solution File, Format Version 12.00
# Visual Studio Version 17
VisualStudioVersion = 17.14.36301.6
MinimumVisualStudioVersion = 10.0.40219.1
Project("{FAE04EC0-301F-11D3-BF4B-00C04F79EFBC}") = "HUP", "HUP.csproj", "{ED257794-37D5-46A5-8D71-8A58C25ECB59}"
EndProject
Global
	GlobalSection(SolutionConfigurationPlatforms) = preSolution
		Debug|Any CPU = Debug|Any CPU
		Debug|x64 = Debug|x64
		Debug|x86 = Debug|x86
		Release|Any CPU = Release|Any CPU
		Release|x64 = Release|x64
		Release|x86 = Release|x86
	EndGlobalSection
	GlobalSection(ProjectConfigurationPlatforms) = postSolution
		{ED257794-37D5-46A5-8D71-8A58C25ECB59}.Debug|Any CPU.ActiveCfg = Debug|Any CPU
		{ED257794-37D5-46A5-8D71-8A58C25ECB59}.Debug|Any CPU.Build.0 = Debug|Any CPU
		{ED257794-37D5-46A5-8D71-8A58C25ECB59}.Debug|x64.ActiveCfg = Debug|Any CPU
		{ED257794-37D5-46A5-8D71-8A58C25ECB59}.Debug|x64.Build.0 = Debug|Any CPU
		{ED257794-37D5-46A5-8D71-8A58C25ECB59}.Debug|x86.ActiveCfg = Debug|Any CPU
		{ED257794-37D5-46A5-8D71-8A58C25ECB59}.Debug|x86.Build.0 = Debug|Any CPU
		{ED257794-37D5-46A5-8D71-8A58C25ECB59}.Release|Any CPU.ActiveCfg = Release|Any CPU
		{ED257794-37D5-46A5-8D71-8A58C25ECB59}.Release|Any CPU.Build.0 = Release|Any CPU
		{ED257794-37D5-46A5-8D71-8A58C25ECB59}.Release|x64.ActiveCfg = Release|Any CPU
		{ED257794-37D5-46A5-8D71-8A58C25ECB59}.Release|x64.Build.0 = Release|Any CPU
		{ED257794-37D5-46A5-8D71-8A58C25ECB59}.Release|x86.ActiveCfg = Release|Any CPU
		{ED257794-37D5-46A5-8D71-8A58C25ECB59}.Release|x86.Build.0 = Release|Any CPU
	EndGlobalSection
	GlobalSection(SolutionProperties) = preSolution
		HideSolutionNode = FALSE
	EndGlobalSection
	GlobalSection(ExtensibilityGlobals) = postSolution
		SolutionGuid = {3E321737-578D-4EF4-B5BC-B499B29BA11D}
	EndGlobalSection
EndGlobal
